
Microsoft Visual Studio Solution File, Format Version 12.00
# Visual Studio Version 17
VisualStudioVersion = 17.14.36414.22
MinimumVisualStudioVersion = 10.0.40219.1
Project("{FAE04EC0-301F-11D3-BF4B-00C04F79EFBC}") = "Wireless-Keycards", "Wireless-Keycards.csproj", "{8A4ADC7B-51BD-4E68-8662-88379191F93E}"
EndProject
Global
	GlobalSection(SolutionConfigurationPlatforms) = preSolution
		Debug|Any CPU = Debug|Any CPU
		Debug|x64 = Debug|x64
		Release|Any CPU = Release|Any CPU
		Release|x64 = Release|x64
	EndGlobalSection
	GlobalSection(ProjectConfigurationPlatforms) = postSolution
		{8A4ADC7B-51BD-4E68-8662-88379191F93E}.Debug|Any CPU.ActiveCfg = Debug|Any CPU
		{8A4ADC7B-51BD-4E68-8662-88379191F93E}.Debug|Any CPU.Build.0 = Debug|Any CPU
		{8A4ADC7B-51BD-4E68-8662-88379191F93E}.Debug|x64.ActiveCfg = Debug|x64
		{8A4ADC7B-51BD-4E68-8662-88379191F93E}.Debug|x64.Build.0 = Debug|x64
		{8A4ADC7B-51BD-4E68-8662-88379191F93E}.Release|Any CPU.ActiveCfg = Release|Any CPU
		{8A4ADC7B-51BD-4E68-8662-88379191F93E}.Release|Any CPU.Build.0 = Release|Any CPU
		{8A4ADC7B-51BD-4E68-8662-88379191F93E}.Release|x64.ActiveCfg = Release|x64
		{8A4ADC7B-51BD-4E68-8662-88379191F93E}.Release|x64.Build.0 = Release|x64
	EndGlobalSection
	GlobalSection(SolutionProperties) = preSolution
		HideSolutionNode = FALSE
	EndGlobalSection
	GlobalSection(ExtensibilityGlobals) = postSolution
		SolutionGuid = {F48DF6F9-BBBF-4FB9-A3B9-F5D11B81D65C}
	EndGlobalSection
EndGlobal
